// !$*UTF8*$!
{
	archiveVersion = 1;
	classes = {
	};
	objectVersion = 77;
	objects = {

/* Begin PBXContainerItemProxy section */
		674BF4732CF39D76003B2947 /* PBXContainerItemProxy */ = {
			isa = PBXContainerItemProxy;
			containerPortal = 674BF4512CF39D74003B2947 /* Project object */;
			proxyType = 1;
			remoteGlobalIDString = 674BF4582CF39D74003B2947;
			remoteInfo = DesignPatternProject;
		};
		674BF47D2CF39D76003B2947 /* PBXContainerItemProxy */ = {
			isa = PBXContainerItemProxy;
			containerPortal = 674BF4512CF39D74003B2947 /* Project object */;
			proxyType = 1;
			remoteGlobalIDString = 674BF4582CF39D74003B2947;
			remoteInfo = DesignPatternProject;
		};
/* End PBXContainerItemProxy section */

/* Begin PBXFileReference section */
		674BF4592CF39D74003B2947 /* DesignPatternProject.app */ = {isa = PBXFileReference; explicitFileType = wrapper.application; includeInIndex = 0; path = DesignPatternProject.app; sourceTree = BUILT_PRODUCTS_DIR; };
		674BF4722CF39D76003B2947 /* DesignPatternProjectTests.xctest */ = {isa = PBXFileReference; explicitFileType = wrapper.cfbundle; includeInIndex = 0; path = DesignPatternProjectTests.xctest; sourceTree = BUILT_PRODUCTS_DIR; };
		674BF47C2CF39D76003B2947 /* DesignPatternProjectUITests.xctest */ = {isa = PBXFileReference; explicitFileType = wrapper.cfbundle; includeInIndex = 0; path = DesignPatternProjectUITests.xctest; sourceTree = BUILT_PRODUCTS_DIR; };
/* End PBXFileReference section */

/* Begin PBXFileSystemSynchronizedBuildFileExceptionSet section */
		674BF4842CF39D76003B2947 /* Exceptions for "DesignPatternProject" folder in "DesignPatternProject" target */ = {
			isa = PBXFileSystemSynchronizedBuildFileExceptionSet;
			membershipExceptions = (
				Info.plist,
			);
			target = 674BF4582CF39D74003B2947 /* DesignPatternProject */;
		};
/* End PBXFileSystemSynchronizedBuildFileExceptionSet section */

/* Begin PBXFileSystemSynchronizedRootGroup section */
		674BF45B2CF39D74003B2947 /* DesignPatternProject */ = {
			isa = PBXFileSystemSynchronizedRootGroup;
			exceptions = (
				674BF4842CF39D76003B2947 /* Exceptions for "DesignPatternProject" folder in "DesignPatternProject" target */,
			);
			path = DesignPatternProject;
			sourceTree = "<group>";
		};
		674BF4752CF39D76003B2947 /* DesignPatternProjectTests */ = {
			isa = PBXFileSystemSynchronizedRootGroup;
			path = DesignPatternProjectTests;
			sourceTree = "<group>";
		};
		674BF47F2CF39D76003B2947 /* DesignPatternProjectUITests */ = {
			isa = PBXFileSystemSynchronizedRootGroup;
			path = DesignPatternProjectUITests;
			sourceTree = "<group>";
		};
/* End PBXFileSystemSynchronizedRootGroup section */

/* Begin PBXFrameworksBuildPhase section */
		674BF4562CF39D74003B2947 /* Frameworks */ = {
			isa = PBXFrameworksBuildPhase;
			buildActionMask = 2147483647;
			files = (
			);
			runOnlyForDeploymentPostprocessing = 0;
		};
		674BF46F2CF39D76003B2947 /* Frameworks */ = {
			isa = PBXFrameworksBuildPhase;
			buildActionMask = 2147483647;
			files = (
			);
			runOnlyForDeploymentPostprocessing = 0;
		};
		674BF4792CF39D76003B2947 /* Frameworks */ = {
			isa = PBXFrameworksBuildPhase;
			buildActionMask = 2147483647;
			files = (
			);
			runOnlyForDeploymentPostprocessing = 0;
		};
/* End PBXFrameworksBuildPhase section */

/* Begin PBXGroup section */
		674BF4502CF39D74003B2947 = {
			isa = PBXGroup;
			children = (
				674BF45B2CF39D74003B2947 /* DesignPatternProject */,
				674BF4752CF39D76003B2947 /* DesignPatternProjectTests */,
				674BF47F2CF39D76003B2947 /* DesignPatternProjectUITests */,
				674BF45A2CF39D74003B2947 /* Products */,
			);
			sourceTree = "<group>";
		};
		674BF45A2CF39D74003B2947 /* Products */ = {
			isa = PBXGroup;
			children = (
				674BF4592CF39D74003B2947 /* DesignPatternProject.app */,
				674BF4722CF39D76003B2947 /* DesignPatternProjectTests.xctest */,
				674BF47C2CF39D76003B2947 /* DesignPatternProjectUITests.xctest */,
			);
			name = Products;
			sourceTree = "<group>";
		};
/* End PBXGroup section */

/* Begin PBXNativeTarget section */
		674BF4582CF39D74003B2947 /* DesignPatternProject */ = {
			isa = PBXNativeTarget;
			buildConfigurationList = 674BF4852CF39D76003B2947 /* Build configuration list for PBXNativeTarget "DesignPatternProject" */;
			buildPhases = (
				674BF4552CF39D74003B2947 /* Sources */,
				674BF4562CF39D74003B2947 /* Frameworks */,
				674BF4572CF39D74003B2947 /* Resources */,
			);
			buildRules = (
			);
			dependencies = (
			);
			fileSystemSynchronizedGroups = (
				674BF45B2CF39D74003B2947 /* DesignPatternProject */,
			);
			name = DesignPatternProject;
			packageProductDependencies = (
			);
			productName = DesignPatternProject;
			productReference = 674BF4592CF39D74003B2947 /* DesignPatternProject.app */;
			productType = "com.apple.product-type.application";
		};
		674BF4712CF39D76003B2947 /* DesignPatternProjectTests */ = {
			isa = PBXNativeTarget;
			buildConfigurationList = 674BF48A2CF39D76003B2947 /* Build configuration list for PBXNativeTarget "DesignPatternProjectTests" */;
			buildPhases = (
				674BF46E2CF39D76003B2947 /* Sources */,
				674BF46F2CF39D76003B2947 /* Frameworks */,
				674BF4702CF39D76003B2947 /* Resources */,
			);
			buildRules = (
			);
			dependencies = (
				674BF4742CF39D76003B2947 /* PBXTargetDependency */,
			);
			fileSystemSynchronizedGroups = (
				674BF4752CF39D76003B2947 /* DesignPatternProjectTests */,
			);
			name = DesignPatternProjectTests;
			packageProductDependencies = (
			);
			productName = DesignPatternProjectTests;
			productReference = 674BF4722CF39D76003B2947 /* DesignPatternProjectTests.xctest */;
			productType = "com.apple.product-type.bundle.unit-test";
		};
		674BF47B2CF39D76003B2947 /* DesignPatternProjectUITests */ = {
			isa = PBXNativeTarget;
			buildConfigurationList = 674BF48D2CF39D76003B2947 /* Build configuration list for PBXNativeTarget "DesignPatternProjectUITests" */;
			buildPhases = (
				674BF4782CF39D76003B2947 /* Sources */,
				674BF4792CF39D76003B2947 /* Frameworks */,
				674BF47A2CF39D76003B2947 /* Resources */,
			);
			buildRules = (
			);
			dependencies = (
				674BF47E2CF39D76003B2947 /* PBXTargetDependency */,
			);
			fileSystemSynchronizedGroups = (
				674BF47F2CF39D76003B2947 /* DesignPatternProjectUITests */,
			);
			name = DesignPatternProjectUITests;
			packageProductDependencies = (
			);
			productName = DesignPatternProjectUITests;
			productReference = 674BF47C2CF39D76003B2947 /* DesignPatternProjectUITests.xctest */;
			productType = "com.apple.product-type.bundle.ui-testing";
		};
/* End PBXNativeTarget section */

/* Begin PBXProject section */
		674BF4512CF39D74003B2947 /* Project object */ = {
			isa = PBXProject;
			attributes = {
				BuildIndependentTargetsInParallel = 1;
				LastSwiftUpdateCheck = 1600;
				LastUpgradeCheck = 1600;
				TargetAttributes = {
					674BF4582CF39D74003B2947 = {
						CreatedOnToolsVersion = 16.0;
					};
					674BF4712CF39D76003B2947 = {
						CreatedOnToolsVersion = 16.0;
						TestTargetID = 674BF4582CF39D74003B2947;
					};
					674BF47B2CF39D76003B2947 = {
						CreatedOnToolsVersion = 16.0;
						TestTargetID = 674BF4582CF39D74003B2947;
					};
				};
			};
			buildConfigurationList = 674BF4542CF39D74003B2947 /* Build configuration list for PBXProject "DesignPatternProject" */;
			developmentRegion = en;
			hasScannedForEncodings = 0;
			knownRegions = (
				en,
				Base,
			);
			mainGroup = 674BF4502CF39D74003B2947;
			minimizedProjectReferenceProxies = 1;
			preferredProjectObjectVersion = 77;
			productRefGroup = 674BF45A2CF39D74003B2947 /* Products */;
			projectDirPath = "";
			projectRoot = "";
			targets = (
				674BF4582CF39D74003B2947 /* DesignPatternProject */,
				674BF4712CF39D76003B2947 /* DesignPatternProjectTests */,
				674BF47B2CF39D76003B2947 /* DesignPatternProjectUITests */,
			);
		};
/* End PBXProject section */

/* Begin PBXResourcesBuildPhase section */
		674BF4572CF39D74003B2947 /* Resources */ = {
			isa = PBXResourcesBuildPhase;
			buildActionMask = 2147483647;
			files = (
			);
			runOnlyForDeploymentPostprocessing = 0;
		};
		674BF4702CF39D76003B2947 /* Resources */ = {
			isa = PBXResourcesBuildPhase;
			buildActionMask = 2147483647;
			files = (
			);
			runOnlyForDeploymentPostprocessing = 0;
		};
		674BF47A2CF39D76003B2947 /* Resources */ = {
			isa = PBXResourcesBuildPhase;
			buildActionMask = 2147483647;
			files = (
			);
			runOnlyForDeploymentPostprocessing = 0;
		};
/* End PBXResourcesBuildPhase section */

/* Begin PBXSourcesBuildPhase section */
		674BF4552CF39D74003B2947 /* Sources */ = {
			isa = PBXSourcesBuildPhase;
			buildActionMask = 2147483647;
			files = (
			);
			runOnlyForDeploymentPostprocessing = 0;
		};
		674BF46E2CF39D76003B2947 /* Sources */ = {
			isa = PBXSourcesBuildPhase;
			buildActionMask = 2147483647;
			files = (
			);
			runOnlyForDeploymentPostprocessing = 0;
		};
		674BF4782CF39D76003B2947 /* Sources */ = {
			isa = PBXSourcesBuildPhase;
			buildActionMask = 2147483647;
			files = (
			);
			runOnlyForDeploymentPostprocessing = 0;
		};
/* End PBXSourcesBuildPhase section */

/* Begin PBXTargetDependency section */
		674BF4742CF39D76003B2947 /* PBXTargetDependency */ = {
			isa = PBXTargetDependency;
			target = 674BF4582CF39D74003B2947 /* DesignPatternProject */;
			targetProxy = 674BF4732CF39D76003B2947 /* PBXContainerItemProxy */;
		};
		674BF47E2CF39D76003B2947 /* PBXTargetDependency */ = {
			isa = PBXTargetDependency;
			target = 674BF4582CF39D74003B2947 /* DesignPatternProject */;
			targetProxy = 674BF47D2CF39D76003B2947 /* PBXContainerItemProxy */;
		};
/* End PBXTargetDependency section */

/* Begin XCBuildConfiguration section */
		674BF4862CF39D76003B2947 /* Debug */ = {
			isa = XCBuildConfiguration;
			buildSettings = {
				ASSETCATALOG_COMPILER_APPICON_NAME = AppIcon;
				ASSETCATALOG_COMPILER_GLOBAL_ACCENT_COLOR_NAME = AccentColor;
				CODE_SIGN_STYLE = Automatic;
				CURRENT_PROJECT_VERSION = 1;
				DEVELOPMENT_TEAM = QP7342XB9T;
				GENERATE_INFOPLIST_FILE = YES;
				INFOPLIST_FILE = DesignPatternProject/Info.plist;
				INFOPLIST_KEY_UIApplicationSupportsIndirectInputEvents = YES;
				INFOPLIST_KEY_UILaunchStoryboardName = LaunchScreen;
				INFOPLIST_KEY_UIMainStoryboardFile = Main;
				INFOPLIST_KEY_UISupportedInterfaceOrientations_iPad = "UIInterfaceOrientationPortrait UIInterfaceOrientationPortraitUpsideDown UIInterfaceOrientationLandscapeLeft UIInterfaceOrientationLandscapeRight";
				INFOPLIST_KEY_UISupportedInterfaceOrientations_iPhone = "UIInterfaceOrientationPortrait UIInterfaceOrientationLandscapeLeft UIInterfaceOrientationLandscapeRight";
				LD_RUNPATH_SEARCH_PATHS = (
					"$(inherited)",
					"@executable_path/Frameworks",
				);
				MARKETING_VERSION = 1.0;
				PRODUCT_BUNDLE_IDENTIFIER = com.burakkose.DesignPatternProject;
				PRODUCT_NAME = "$(TARGET_NAME)";
				SWIFT_EMIT_LOC_STRINGS = YES;
				SWIFT_VERSION = 5.0;
				TARGETED_DEVICE_FAMILY = "1,2";
			};
			name = Debug;
		};
		674BF4872CF39D76003B2947 /* Release */ = {
			isa = XCBuildConfiguration;
			buildSettings = {
				ASSETCATALOG_COMPILER_APPICON_NAME = AppIcon;
				ASSETCATALOG_COMPILER_GLOBAL_ACCENT_COLOR_NAME = AccentColor;
				CODE_SIGN_STYLE = Automatic;
				CURRENT_PROJECT_VERSION = 1;
				DEVELOPMENT_TEAM = QP7342XB9T;
				GENERATE_INFOPLIST_FILE = YES;
				INFOPLIST_FILE = DesignPatternProject/Info.plist;
				INFOPLIST_KEY_UIApplicationSupportsIndirectInputEvents = YES;
				INFOPLIST_KEY_UILaunchStoryboardName = LaunchScreen;
				INFOPLIST_KEY_UIMainStoryboardFile = Main;
				INFOPLIST_KEY_UISupportedInterfaceOrientations_iPad = "UIInterfaceOrientationPortrait UIInterfaceOrientationPortraitUpsideDown UIInterfaceOrientationLandscapeLeft UIInterfaceOrientationLandscapeRight";
				INFOPLIST_KEY_UISupportedInterfaceOrientations_iPhone = "UIInterfaceOrientationPortrait UIInterfaceOrientationLandscapeLeft UIInterfaceOrientationLandscapeRight";
				LD_RUNPATH_SEARCH_PATHS = (
					"$(inherited)",
					"@executable_path/Frameworks",
				);
				MARKETING_VERSION = 1.0;
				PRODUCT_BUNDLE_IDENTIFIER = com.burakkose.DesignPatternProject;
				PRODUCT_NAME = "$(TARGET_NAME)";
				SWIFT_EMIT_LOC_STRINGS = YES;
				SWIFT_VERSION = 5.0;
				TARGETED_DEVICE_FAMILY = "1,2";
			};
			name = Release;
		};
		674BF4882CF39D76003B2947 /* Debug */ = {
			isa = XCBuildConfiguration;
			buildSettings = {
				ALWAYS_SEARCH_USER_PATHS = NO;
				ASSETCATALOG_COMPILER_GENERATE_SWIFT_ASSET_SYMBOL_EXTENSIONS = YES;
				CLANG_ANALYZER_NONNULL = YES;
				CLANG_ANALYZER_NUMBER_OBJECT_CONVERSION = YES_AGGRESSIVE;
				CLANG_CXX_LANGUAGE_STANDARD = "gnu++20";
				CLANG_ENABLE_MODULES = YES;
				CLANG_ENABLE_OBJC_ARC = YES;
				CLANG_ENABLE_OBJC_WEAK = YES;
				CLANG_WARN_BLOCK_CAPTURE_AUTORELEASING = YES;
				CLANG_WARN_BOOL_CONVERSION = YES;
				CLANG_WARN_COMMA = YES;
				CLANG_WARN_CONSTANT_CONVERSION = YES;
				CLANG_WARN_DEPRECATED_OBJC_IMPLEMENTATIONS = YES;
				CLANG_WARN_DIRECT_OBJC_ISA_USAGE = YES_ERROR;
				CLANG_WARN_DOCUMENTATION_COMMENTS = YES;
				CLANG_WARN_EMPTY_BODY = YES;
				CLANG_WARN_ENUM_CONVERSION = YES;
				CLANG_WARN_INFINITE_RECURSION = YES;
				CLANG_WARN_INT_CONVERSION = YES;
				CLANG_WARN_NON_LITERAL_NULL_CONVERSION = YES;
				CLANG_WARN_OBJC_IMPLICIT_RETAIN_SELF = YES;
				CLANG_WARN_OBJC_LITERAL_CONVERSION = YES;
				CLANG_WARN_OBJC_ROOT_CLASS = YES_ERROR;
				CLANG_WARN_QUOTED_INCLUDE_IN_FRAMEWORK_HEADER = YES;
				CLANG_WARN_RANGE_LOOP_ANALYSIS = YES;
				CLANG_WARN_STRICT_PROTOTYPES = YES;
				CLANG_WARN_SUSPICIOUS_MOVE = YES;
				CLANG_WARN_UNGUARDED_AVAILABILITY = YES_AGGRESSIVE;
				CLANG_WARN_UNREACHABLE_CODE = YES;
				CLANG_WARN__DUPLICATE_METHOD_MATCH = YES;
				COPY_PHASE_STRIP = NO;
				DEBUG_INFORMATION_FORMAT = dwarf;
				ENABLE_STRICT_OBJC_MSGSEND = YES;
				ENABLE_TESTABILITY = YES;
				ENABLE_USER_SCRIPT_SANDBOXING = YES;
				GCC_C_LANGUAGE_STANDARD = gnu17;
				GCC_DYNAMIC_NO_PIC = NO;
				GCC_NO_COMMON_BLOCKS = YES;
				GCC_OPTIMIZATION_LEVEL = 0;
				GCC_PREPROCESSOR_DEFINITIONS = (
					"DEBUG=1",
					"$(inherited)",
				);
				GCC_WARN_64_TO_32_BIT_CONVERSION = YES;
				GCC_WARN_ABOUT_RETURN_TYPE = YES_ERROR;
				GCC_WARN_UNDECLARED_SELECTOR = YES;
				GCC_WARN_UNINITIALIZED_AUTOS = YES_AGGRESSIVE;
				GCC_WARN_UNUSED_FUNCTION = YES;
				GCC_WARN_UNUSED_VARIABLE = YES;
				IPHONEOS_DEPLOYMENT_TARGET = 18.0;
				LOCALIZATION_PREFERS_STRING_CATALOGS = YES;
				MTL_ENABLE_DEBUG_INFO = INCLUDE_SOURCE;
				MTL_FAST_MATH = YES;
				ONLY_ACTIVE_ARCH = YES;
				SDKROOT = iphoneos;
				SWIFT_ACTIVE_COMPILATION_CONDITIONS = "DEBUG $(inherited)";
				SWIFT_OPTIMIZATION_LEVEL = "-Onone";
			};
			name = Debug;
		};
		674BF4892CF39D76003B2947 /* Release */ = {
			isa = XCBuildConfiguration;
			buildSettings = {
				ALWAYS_SEARCH_USER_PATHS = NO;
				ASSETCATALOG_COMPILER_GENERATE_SWIFT_ASSET_SYMBOL_EXTENSIONS = YES;
				CLANG_ANALYZER_NONNULL = YES;
				CLANG_ANALYZER_NUMBER_OBJECT_CONVERSION = YES_AGGRESSIVE;
				CLANG_CXX_LANGUAGE_STANDARD = "gnu++20";
				CLANG_ENABLE_MODULES = YES;
				CLANG_ENABLE_OBJC_ARC = YES;
				CLANG_ENABLE_OBJC_WEAK = YES;
				CLANG_WARN_BLOCK_CAPTURE_AUTORELEASING = YES;
				CLANG_WARN_BOOL_CONVERSION = YES;
				CLANG_WARN_COMMA = YES;
				CLANG_WARN_CONSTANT_CONVERSION = YES;
				CLANG_WARN_DEPRECATED_OBJC_IMPLEMENTATIONS = YES;
				CLANG_WARN_DIRECT_OBJC_ISA_USAGE = YES_ERROR;
				CLANG_WARN_DOCUMENTATION_COMMENTS = YES;
				CLANG_WARN_EMPTY_BODY = YES;
				CLANG_WARN_ENUM_CONVERSION = YES;
				CLANG_WARN_INFINITE_RECURSION = YES;
				CLANG_WARN_INT_CONVERSION = YES;
				CLANG_WARN_NON_LITERAL_NULL_CONVERSION = YES;
				CLANG_WARN_OBJC_IMPLICIT_RETAIN_SELF = YES;
				CLANG_WARN_OBJC_LITERAL_CONVERSION = YES;
				CLANG_WARN_OBJC_ROOT_CLASS = YES_ERROR;
				CLANG_WARN_QUOTED_INCLUDE_IN_FRAMEWORK_HEADER = YES;
				CLANG_WARN_RANGE_LOOP_ANALYSIS = YES;
				CLANG_WARN_STRICT_PROTOTYPES = YES;
				CLANG_WARN_SUSPICIOUS_MOVE = YES;
				CLANG_WARN_UNGUARDED_AVAILABILITY = YES_AGGRESSIVE;
				CLANG_WARN_UNREACHABLE_CODE = YES;
				CLANG_WARN__DUPLICATE_METHOD_MATCH = YES;
				COPY_PHASE_STRIP = NO;
				DEBUG_INFORMATION_FORMAT = "dwarf-with-dsym";
				ENABLE_NS_ASSERTIONS = NO;
				ENABLE_STRICT_OBJC_MSGSEND = YES;
				ENABLE_USER_SCRIPT_SANDBOXING = YES;
				GCC_C_LANGUAGE_STANDARD = gnu17;
				GCC_NO_COMMON_BLOCKS = YES;
				GCC_WARN_64_TO_32_BIT_CONVERSION = YES;
				GCC_WARN_ABOUT_RETURN_TYPE = YES_ERROR;
				GCC_WARN_UNDECLARED_SELECTOR = YES;
				GCC_WARN_UNINITIALIZED_AUTOS = YES_AGGRESSIVE;
				GCC_WARN_UNUSED_FUNCTION = YES;
				GCC_WARN_UNUSED_VARIABLE = YES;
				IPHONEOS_DEPLOYMENT_TARGET = 18.0;
				LOCALIZATION_PREFERS_STRING_CATALOGS = YES;
				MTL_ENABLE_DEBUG_INFO = NO;
				MTL_FAST_MATH = YES;
				SDKROOT = iphoneos;
				SWIFT_COMPILATION_MODE = wholemodule;
				VALIDATE_PRODUCT = YES;
			};
			name = Release;
		};
		674BF48B2CF39D76003B2947 /* Debug */ = {
			isa = XCBuildConfiguration;
			buildSettings = {
				BUNDLE_LOADER = "$(TEST_HOST)";
				CODE_SIGN_STYLE = Automatic;
				CURRENT_PROJECT_VERSION = 1;
				DEVELOPMENT_TEAM = QP7342XB9T;
				GENERATE_INFOPLIST_FILE = YES;
				IPHONEOS_DEPLOYMENT_TARGET = 18.0;
				MARKETING_VERSION = 1.0;
				PRODUCT_BUNDLE_IDENTIFIER = com.burakkose.DesignPatternProjectTests;
				PRODUCT_NAME = "$(TARGET_NAME)";
				SWIFT_EMIT_LOC_STRINGS = NO;
				SWIFT_VERSION = 5.0;
				TARGETED_DEVICE_FAMILY = "1,2";
				TEST_HOST = "$(BUILT_PRODUCTS_DIR)/DesignPatternProject.app/$(BUNDLE_EXECUTABLE_FOLDER_PATH)/DesignPatternProject";
			};
			name = Debug;
		};
		674BF48C2CF39D76003B2947 /* Release */ = {
			isa = XCBuildConfiguration;
			buildSettings = {
				BUNDLE_LOADER = "$(TEST_HOST)";
				CODE_SIGN_STYLE = Automatic;
				CURRENT_PROJECT_VERSION = 1;
				DEVELOPMENT_TEAM = QP7342XB9T;
				GENERATE_INFOPLIST_FILE = YES;
				IPHONEOS_DEPLOYMENT_TARGET = 18.0;
				MARKETING_VERSION = 1.0;
				PRODUCT_BUNDLE_IDENTIFIER = com.burakkose.DesignPatternProjectTests;
				PRODUCT_NAME = "$(TARGET_NAME)";
				SWIFT_EMIT_LOC_STRINGS = NO;
				SWIFT_VERSION = 5.0;
				TARGETED_DEVICE_FAMILY = "1,2";
				TEST_HOST = "$(BUILT_PRODUCTS_DIR)/DesignPatternProject.app/$(BUNDLE_EXECUTABLE_FOLDER_PATH)/DesignPatternProject";
			};
			name = Release;
		};
		674BF48E2CF39D76003B2947 /* Debug */ = {
			isa = XCBuildConfiguration;
			buildSettings = {
				CODE_SIGN_STYLE = Automatic;
				CURRENT_PROJECT_VERSION = 1;
				DEVELOPMENT_TEAM = QP7342XB9T;
				GENERATE_INFOPLIST_FILE = YES;
				MARKETING_VERSION = 1.0;
				PRODUCT_BUNDLE_IDENTIFIER = com.burakkose.DesignPatternProjectUITests;
				PRODUCT_NAME = "$(TARGET_NAME)";
				SWIFT_EMIT_LOC_STRINGS = NO;
				SWIFT_VERSION = 5.0;
				TARGETED_DEVICE_FAMILY = "1,2";
				TEST_TARGET_NAME = DesignPatternProject;
			};
			name = Debug;
		};
		674BF48F2CF39D76003B2947 /* Release */ = {
			isa = XCBuildConfiguration;
			buildSettings = {
				CODE_SIGN_STYLE = Automatic;
				CURRENT_PROJECT_VERSION = 1;
				DEVELOPMENT_TEAM = QP7342XB9T;
				GENERATE_INFOPLIST_FILE = YES;
				MARKETING_VERSION = 1.0;
				PRODUCT_BUNDLE_IDENTIFIER = com.burakkose.DesignPatternProjectUITests;
				PRODUCT_NAME = "$(TARGET_NAME)";
				SWIFT_EMIT_LOC_STRINGS = NO;
				SWIFT_VERSION = 5.0;
				TARGETED_DEVICE_FAMILY = "1,2";
				TEST_TARGET_NAME = DesignPatternProject;
			};
			name = Release;
		};
/* End XCBuildConfiguration section */

/* Begin XCConfigurationList section */
		674BF4542CF39D74003B2947 /* Build configuration list for PBXProject "DesignPatternProject" */ = {
			isa = XCConfigurationList;
			buildConfigurations = (
				674BF4882CF39D76003B2947 /* Debug */,
				674BF4892CF39D76003B2947 /* Release */,
			);
			defaultConfigurationIsVisible = 0;
			defaultConfigurationName = Release;
		};
		674BF4852CF39D76003B2947 /* Build configuration list for PBXNativeTarget "DesignPatternProject" */ = {
			isa = XCConfigurationList;
			buildConfigurations = (
				674BF4862CF39D76003B2947 /* Debug */,
				674BF4872CF39D76003B2947 /* Release */,
			);
			defaultConfigurationIsVisible = 0;
			defaultConfigurationName = Release;
		};
		674BF48A2CF39D76003B2947 /* Build configuration list for PBXNativeTarget "DesignPatternProjectTests" */ = {
			isa = XCConfigurationList;
			buildConfigurations = (
				674BF48B2CF39D76003B2947 /* Debug */,
				674BF48C2CF39D76003B2947 /* Release */,
			);
			defaultConfigurationIsVisible = 0;
			defaultConfigurationName = Release;
		};
		674BF48D2CF39D76003B2947 /* Build configuration list for PBXNativeTarget "DesignPatternProjectUITests" */ = {
			isa = XCConfigurationList;
			buildConfigurations = (
				674BF48E2CF39D76003B2947 /* Debug */,
				674BF48F2CF39D76003B2947 /* Release */,
			);
			defaultConfigurationIsVisible = 0;
			defaultConfigurationName = Release;
		};
/* End XCConfigurationList section */
	};
	rootObject = 674BF4512CF39D74003B2947 /* Project object */;
}
